
Microsoft Visual Studio Solution File, Format Version 12.00
# Visual Studio Version 17
VisualStudioVersion = 17.9.34723.18
MinimumVisualStudioVersion = 10.0.40219.1
Project("{9A19103F-16F7-4668-BE54-9A1E7A4F7556}") = "MNISTsharp", "MNISTsharp\MNISTsharp.csproj", "{D36A7532-ED45-43A3-9843-2B35CCB516F9}"
EndProject
Project("{FAE04EC0-301F-11D3-BF4B-00C04F79EFBC}") = "KNET_Inference", "KNET_Inference\KNET_Inference.csproj", "{8928E30D-EF87-4439-AF8E-98CAEF9A3D5A}"
EndProject
Global
	GlobalSection(SolutionConfigurationPlatforms) = preSolution
		Debug|Any CPU = Debug|Any CPU
		Release|Any CPU = Release|Any CPU
	EndGlobalSection
	GlobalSection(ProjectConfigurationPlatforms) = postSolution
		{D36A7532-ED45-43A3-9843-2B35CCB516F9}.Debug|Any CPU.ActiveCfg = Debug|Any CPU
		{D36A7532-ED45-43A3-9843-2B35CCB516F9}.Debug|Any CPU.Build.0 = Debug|Any CPU
		{D36A7532-ED45-43A3-9843-2B35CCB516F9}.Release|Any CPU.ActiveCfg = Release|Any CPU
		{D36A7532-ED45-43A3-9843-2B35CCB516F9}.Release|Any CPU.Build.0 = Release|Any CPU
		{8928E30D-EF87-4439-AF8E-98CAEF9A3D5A}.Debug|Any CPU.ActiveCfg = Debug|Any CPU
		{8928E30D-EF87-4439-AF8E-98CAEF9A3D5A}.Debug|Any CPU.Build.0 = Debug|Any CPU
		{8928E30D-EF87-4439-AF8E-98CAEF9A3D5A}.Release|Any CPU.ActiveCfg = Release|Any CPU
		{8928E30D-EF87-4439-AF8E-98CAEF9A3D5A}.Release|Any CPU.Build.0 = Release|Any CPU
	EndGlobalSection
	GlobalSection(SolutionProperties) = preSolution
		HideSolutionNode = FALSE
	EndGlobalSection
	GlobalSection(ExtensibilityGlobals) = postSolution
		SolutionGuid = {338A8B53-377B-4E24-B5CF-51B0B1A5890C}
	EndGlobalSection
EndGlobal
